
Microsoft Visual Studio Solution File, Format Version 12.00
# Visual Studio Version 16
VisualStudioVersion = 16.0.31205.134
MinimumVisualStudioVersion = 10.0.40219.1
Project("{FAE04EC0-301F-11D3-BF4B-00C04F79EFBC}") = "WinFormsApp1", "WinFormsApp1\WinFormsApp1.csproj", "{7FF29C19-C949-42F1-B07E-BD1F361962D8}"
EndProject
Global
	GlobalSection(SolutionConfigurationPlatforms) = preSolution
		Debug|Any CPU = Debug|Any CPU
		Release|Any CPU = Release|Any CPU
	EndGlobalSection
	GlobalSection(ProjectConfigurationPlatforms) = postSolution
		{7FF29C19-C949-42F1-B07E-BD1F361962D8}.Debug|Any CPU.ActiveCfg = Debug|Any CPU
		{7FF29C19-C949-42F1-B07E-BD1F361962D8}.Debug|Any CPU.Build.0 = Debug|Any CPU
		{7FF29C19-C949-42F1-B07E-BD1F361962D8}.Release|Any CPU.ActiveCfg = Release|Any CPU
		{7FF29C19-C949-42F1-B07E-BD1F361962D8}.Release|Any CPU.Build.0 = Release|Any CPU
	EndGlobalSection
	GlobalSection(SolutionProperties) = preSolution
		HideSolutionNode = FALSE
	EndGlobalSection
	GlobalSection(ExtensibilityGlobals) = postSolution
		SolutionGuid = {3F1E5902-8290-42EB-ACAE-52F183E5E327}
	EndGlobalSection
EndGlobal
